
Microsoft Visual Studio Solution File, Format Version 12.00
# Visual Studio Version 17
VisualStudioVersion = 17.5.002.0
MinimumVisualStudioVersion = 10.0.40219.1
Project("{9A19103F-16F7-4668-BE54-9A1E7A4F7556}") = "ListaDeLivros", "ListaDeLivros.csproj", "{8D6E5152-7073-4EEA-A74D-763F985FA90D}"
EndProject
Global
	GlobalSection(SolutionConfigurationPlatforms) = preSolution
		Debug|Any CPU = Debug|Any CPU
		Release|Any CPU = Release|Any CPU
	EndGlobalSection
	GlobalSection(ProjectConfigurationPlatforms) = postSolution
		{8D6E5152-7073-4EEA-A74D-763F985FA90D}.Debug|Any CPU.ActiveCfg = Debug|Any CPU
		{8D6E5152-7073-4EEA-A74D-763F985FA90D}.Debug|Any CPU.Build.0 = Debug|Any CPU
		{8D6E5152-7073-4EEA-A74D-763F985FA90D}.Release|Any CPU.ActiveCfg = Release|Any CPU
		{8D6E5152-7073-4EEA-A74D-763F985FA90D}.Release|Any CPU.Build.0 = Release|Any CPU
	EndGlobalSection
	GlobalSection(SolutionProperties) = preSolution
		HideSolutionNode = FALSE
	EndGlobalSection
	GlobalSection(ExtensibilityGlobals) = postSolution
		SolutionGuid = {38AD78F1-854E-4B78-AD7D-97D379D668FA}
	EndGlobalSection
EndGlobal
