
Microsoft Visual Studio Solution File, Format Version 12.00
# Visual Studio Version 17
VisualStudioVersion = 17.5.002.0
MinimumVisualStudioVersion = 10.0.40219.1
Project("{9A19103F-16F7-4668-BE54-9A1E7A4F7556}") = "bubblesort", "bubblesort.csproj", "{7F78BEA7-0989-47AF-B822-E4EA3E0D734D}"
EndProject
Global
	GlobalSection(SolutionConfigurationPlatforms) = preSolution
		Debug|Any CPU = Debug|Any CPU
		Release|Any CPU = Release|Any CPU
	EndGlobalSection
	GlobalSection(ProjectConfigurationPlatforms) = postSolution
		{7F78BEA7-0989-47AF-B822-E4EA3E0D734D}.Debug|Any CPU.ActiveCfg = Debug|Any CPU
		{7F78BEA7-0989-47AF-B822-E4EA3E0D734D}.Debug|Any CPU.Build.0 = Debug|Any CPU
		{7F78BEA7-0989-47AF-B822-E4EA3E0D734D}.Release|Any CPU.ActiveCfg = Release|Any CPU
		{7F78BEA7-0989-47AF-B822-E4EA3E0D734D}.Release|Any CPU.Build.0 = Release|Any CPU
	EndGlobalSection
	GlobalSection(SolutionProperties) = preSolution
		HideSolutionNode = FALSE
	EndGlobalSection
	GlobalSection(ExtensibilityGlobals) = postSolution
		SolutionGuid = {32E0F1C9-1110-4E1C-8179-CAB5CFB397EA}
	EndGlobalSection
EndGlobal
